PODS:
  - FlutterMacOS (1.0.0)
  - mlx_localllm (0.1.0):
    - FlutterMacOS

DEPENDENCIES:
  - FlutterMacOS (from `Flutter/ephemeral`)
  - mlx_localllm (from `Flutter/ephemeral/.symlinks/plugins/mlx_localllm/macos`)

EXTERNAL SOURCES:
  FlutterMacOS:
    :path: Flutter/ephemeral
  mlx_localllm:
    :path: Flutter/ephemeral/.symlinks/plugins/mlx_localllm/macos

SPEC CHECKSUMS:
  FlutterMacOS: d0db08ddef1a9af05a5ec4b724367152bb0500b1
  mlx_localllm: ba6e7b007cf299df96ece677a80a5606925f479a

PODFILE CHECKSUM: 5c59ebd1871946816381738c3a752fc2dfcfadc9

COCOAPODS: 1.16.2
